
Microsoft Visual Studio Solution File, Format Version 12.00
# Visual Studio 14
VisualStudioVersion = 14.0.23107.0
MinimumVisualStudioVersion = 10.0.40219.1
Project("{FAE04EC0-301F-11D3-BF4B-00C04F79EFBC}") = "OOProject", "OOProject\OOProject.csproj", "{35B35A68-CA99-4AAD-B941-921FED63010E}"
EndProject
Global
	GlobalSection(SolutionConfigurationPlatforms) = preSolution
		Debug|Any CPU = Debug|Any CPU
		Release|Any CPU = Release|Any CPU
	EndGlobalSection
	GlobalSection(ProjectConfigurationPlatforms) = postSolution
		{35B35A68-CA99-4AAD-B941-921FED63010E}.Debug|Any CPU.ActiveCfg = Debug|Any CPU
		{35B35A68-CA99-4AAD-B941-921FED63010E}.Debug|Any CPU.Build.0 = Debug|Any CPU
		{35B35A68-CA99-4AAD-B941-921FED63010E}.Release|Any CPU.ActiveCfg = Release|Any CPU
		{35B35A68-CA99-4AAD-B941-921FED63010E}.Release|Any CPU.Build.0 = Release|Any CPU
	EndGlobalSection
	GlobalSection(SolutionProperties) = preSolution
		HideSolutionNode = FALSE
	EndGlobalSection
EndGlobal
